
Microsoft Visual Studio Solution File, Format Version 12.00
# Visual Studio Version 17
VisualStudioVersion = 17.6.33815.320
MinimumVisualStudioVersion = 10.0.40219.1
Project("{FAE04EC0-301F-11D3-BF4B-00C04F79EFBC}") = "Prj_TestBookRoom_peak", "Prj_TestBookRoom_peak\Prj_TestBookRoom_peak.csproj", "{31778CB0-1B75-4D0F-99F2-1797E9987795}"
EndProject
Global
	GlobalSection(SolutionConfigurationPlatforms) = preSolution
		Debug|Any CPU = Debug|Any CPU
		Release|Any CPU = Release|Any CPU
	EndGlobalSection
	GlobalSection(ProjectConfigurationPlatforms) = postSolution
		{31778CB0-1B75-4D0F-99F2-1797E9987795}.Debug|Any CPU.ActiveCfg = Debug|Any CPU
		{31778CB0-1B75-4D0F-99F2-1797E9987795}.Debug|Any CPU.Build.0 = Debug|Any CPU
		{31778CB0-1B75-4D0F-99F2-1797E9987795}.Release|Any CPU.ActiveCfg = Release|Any CPU
		{31778CB0-1B75-4D0F-99F2-1797E9987795}.Release|Any CPU.Build.0 = Release|Any CPU
	EndGlobalSection
	GlobalSection(SolutionProperties) = preSolution
		HideSolutionNode = FALSE
	EndGlobalSection
	GlobalSection(ExtensibilityGlobals) = postSolution
		SolutionGuid = {DBDC44F9-0863-4523-8AAF-9F249222F8CD}
	EndGlobalSection
EndGlobal
